
Microsoft Visual Studio Solution File, Format Version 12.00
# Visual Studio Version 17
VisualStudioVersion = 17.9.34723.18
MinimumVisualStudioVersion = 10.0.40219.1
Project("{FAE04EC0-301F-11D3-BF4B-00C04F79EFBC}") = "YDNHDotNet.ConsoleApp", "YDNHDotNet.ConsoleApp\YDNHDotNet.ConsoleApp.csproj", "{196826EE-A0D2-46A1-994C-F445AEB24D78}"
EndProject
Global
	GlobalSection(SolutionConfigurationPlatforms) = preSolution
		Debug|Any CPU = Debug|Any CPU
		Release|Any CPU = Release|Any CPU
	EndGlobalSection
	GlobalSection(ProjectConfigurationPlatforms) = postSolution
		{196826EE-A0D2-46A1-994C-F445AEB24D78}.Debug|Any CPU.ActiveCfg = Debug|Any CPU
		{196826EE-A0D2-46A1-994C-F445AEB24D78}.Debug|Any CPU.Build.0 = Debug|Any CPU
		{196826EE-A0D2-46A1-994C-F445AEB24D78}.Release|Any CPU.ActiveCfg = Release|Any CPU
		{196826EE-A0D2-46A1-994C-F445AEB24D78}.Release|Any CPU.Build.0 = Release|Any CPU
	EndGlobalSection
	GlobalSection(SolutionProperties) = preSolution
		HideSolutionNode = FALSE
	EndGlobalSection
	GlobalSection(ExtensibilityGlobals) = postSolution
		SolutionGuid = {DF395A41-C67B-40BF-8092-1DA0AC6ACAE4}
	EndGlobalSection
EndGlobal
